
Microsoft Visual Studio Solution File, Format Version 12.00
# Visual Studio Version 17
VisualStudioVersion = 17.6.33723.286
MinimumVisualStudioVersion = 10.0.40219.1
Project("{9A19103F-16F7-4668-BE54-9A1E7A4F7556}") = "TechTest.API", "TechTest.API\TechTest.API.csproj", "{DEBF967F-E876-49FA-9591-7DFCB535F578}"
EndProject
Project("{FAE04EC0-301F-11D3-BF4B-00C04F79EFBC}") = "TechTest.Application", "TechTest.Application\TechTest.Application.csproj", "{3BC8630C-DB18-49D9-BFEF-F709B8DB397F}"
EndProject
Project("{FAE04EC0-301F-11D3-BF4B-00C04F79EFBC}") = "TechTest.Core", "TechTest.Core\TechTest.Core.csproj", "{E9EFAF47-BF97-4E15-ACA2-9B63ACADCE24}"
EndProject
Project("{FAE04EC0-301F-11D3-BF4B-00C04F79EFBC}") = "TechTest.Infrastructure", "TechTest.Infrastructure\TechTest.Infrastructure.csproj", "{053BEA8E-1993-4EB9-9CC4-27C6FA245B66}"
EndProject
Global
	GlobalSection(SolutionConfigurationPlatforms) = preSolution
		Debug|Any CPU = Debug|Any CPU
		Release|Any CPU = Release|Any CPU
	EndGlobalSection
	GlobalSection(ProjectConfigurationPlatforms) = postSolution
		{DEBF967F-E876-49FA-9591-7DFCB535F578}.Debug|Any CPU.ActiveCfg = Debug|Any CPU
		{DEBF967F-E876-49FA-9591-7DFCB535F578}.Debug|Any CPU.Build.0 = Debug|Any CPU
		{DEBF967F-E876-49FA-9591-7DFCB535F578}.Release|Any CPU.ActiveCfg = Release|Any CPU
		{DEBF967F-E876-49FA-9591-7DFCB535F578}.Release|Any CPU.Build.0 = Release|Any CPU
		{3BC8630C-DB18-49D9-BFEF-F709B8DB397F}.Debug|Any CPU.ActiveCfg = Debug|Any CPU
		{3BC8630C-DB18-49D9-BFEF-F709B8DB397F}.Debug|Any CPU.Build.0 = Debug|Any CPU
		{3BC8630C-DB18-49D9-BFEF-F709B8DB397F}.Release|Any CPU.ActiveCfg = Release|Any CPU
		{3BC8630C-DB18-49D9-BFEF-F709B8DB397F}.Release|Any CPU.Build.0 = Release|Any CPU
		{E9EFAF47-BF97-4E15-ACA2-9B63ACADCE24}.Debug|Any CPU.ActiveCfg = Debug|Any CPU
		{E9EFAF47-BF97-4E15-ACA2-9B63ACADCE24}.Debug|Any CPU.Build.0 = Debug|Any CPU
		{E9EFAF47-BF97-4E15-ACA2-9B63ACADCE24}.Release|Any CPU.ActiveCfg = Release|Any CPU
		{E9EFAF47-BF97-4E15-ACA2-9B63ACADCE24}.Release|Any CPU.Build.0 = Release|Any CPU
		{053BEA8E-1993-4EB9-9CC4-27C6FA245B66}.Debug|Any CPU.ActiveCfg = Debug|Any CPU
		{053BEA8E-1993-4EB9-9CC4-27C6FA245B66}.Debug|Any CPU.Build.0 = Debug|Any CPU
		{053BEA8E-1993-4EB9-9CC4-27C6FA245B66}.Release|Any CPU.ActiveCfg = Release|Any CPU
		{053BEA8E-1993-4EB9-9CC4-27C6FA245B66}.Release|Any CPU.Build.0 = Release|Any CPU
	EndGlobalSection
	GlobalSection(SolutionProperties) = preSolution
		HideSolutionNode = FALSE
	EndGlobalSection
	GlobalSection(ExtensibilityGlobals) = postSolution
		SolutionGuid = {0EE52063-06AD-44A6-BED2-02B49EFDFE29}
	EndGlobalSection
EndGlobal
