
Microsoft Visual Studio Solution File, Format Version 12.00
# Visual Studio Version 17
VisualStudioVersion = 17.6.33723.286
MinimumVisualStudioVersion = 10.0.40219.1
Project("{FAE04EC0-301F-11D3-BF4B-00C04F79EFBC}") = "TechTest.API", "TechTest.API\TechTest.API.csproj", "{DEBF967F-E876-49FA-9591-7DFCB535F578}"
EndProject
Global
	GlobalSection(SolutionConfigurationPlatforms) = preSolution
		Debug|Any CPU = Debug|Any CPU
		Release|Any CPU = Release|Any CPU
	EndGlobalSection
	GlobalSection(ProjectConfigurationPlatforms) = postSolution
		{DEBF967F-E876-49FA-9591-7DFCB535F578}.Debug|Any CPU.ActiveCfg = Debug|Any CPU
		{DEBF967F-E876-49FA-9591-7DFCB535F578}.Debug|Any CPU.Build.0 = Debug|Any CPU
		{DEBF967F-E876-49FA-9591-7DFCB535F578}.Release|Any CPU.ActiveCfg = Release|Any CPU
		{DEBF967F-E876-49FA-9591-7DFCB535F578}.Release|Any CPU.Build.0 = Release|Any CPU
	EndGlobalSection
	GlobalSection(SolutionProperties) = preSolution
		HideSolutionNode = FALSE
	EndGlobalSection
	GlobalSection(ExtensibilityGlobals) = postSolution
		SolutionGuid = {0EE52063-06AD-44A6-BED2-02B49EFDFE29}
	EndGlobalSection
EndGlobal
